
Microsoft Visual Studio Solution File, Format Version 12.00
# Visual Studio 15
VisualStudioVersion = 15.0.26124.0
MinimumVisualStudioVersion = 15.0.26124.0
Project("{FAE04EC0-301F-11D3-BF4B-00C04F79EFBC}") = "Lexing", "Lexing\Lexing.csproj", "{DDEBDB9D-9BE4-4546-B0B7-015BED758DF2}"
EndProject
Project("{FAE04EC0-301F-11D3-BF4B-00C04F79EFBC}") = "LexingTest", "LexingTest\LexingTest.csproj", "{9967E76D-1D6A-440C-A893-D40869C063AB}"
EndProject
Global
	GlobalSection(SolutionConfigurationPlatforms) = preSolution
		Debug|Any CPU = Debug|Any CPU
		Debug|x64 = Debug|x64
		Debug|x86 = Debug|x86
		Release|Any CPU = Release|Any CPU
		Release|x64 = Release|x64
		Release|x86 = Release|x86
	EndGlobalSection
	GlobalSection(SolutionProperties) = preSolution
		HideSolutionNode = FALSE
	EndGlobalSection
	GlobalSection(ProjectConfigurationPlatforms) = postSolution
		{DDEBDB9D-9BE4-4546-B0B7-015BED758DF2}.Debug|Any CPU.ActiveCfg = Debug|Any CPU
		{DDEBDB9D-9BE4-4546-B0B7-015BED758DF2}.Debug|Any CPU.Build.0 = Debug|Any CPU
		{DDEBDB9D-9BE4-4546-B0B7-015BED758DF2}.Debug|x64.ActiveCfg = Debug|Any CPU
		{DDEBDB9D-9BE4-4546-B0B7-015BED758DF2}.Debug|x64.Build.0 = Debug|Any CPU
		{DDEBDB9D-9BE4-4546-B0B7-015BED758DF2}.Debug|x86.ActiveCfg = Debug|Any CPU
		{DDEBDB9D-9BE4-4546-B0B7-015BED758DF2}.Debug|x86.Build.0 = Debug|Any CPU
		{DDEBDB9D-9BE4-4546-B0B7-015BED758DF2}.Release|Any CPU.ActiveCfg = Release|Any CPU
		{DDEBDB9D-9BE4-4546-B0B7-015BED758DF2}.Release|Any CPU.Build.0 = Release|Any CPU
		{DDEBDB9D-9BE4-4546-B0B7-015BED758DF2}.Release|x64.ActiveCfg = Release|Any CPU
		{DDEBDB9D-9BE4-4546-B0B7-015BED758DF2}.Release|x64.Build.0 = Release|Any CPU
		{DDEBDB9D-9BE4-4546-B0B7-015BED758DF2}.Release|x86.ActiveCfg = Release|Any CPU
		{DDEBDB9D-9BE4-4546-B0B7-015BED758DF2}.Release|x86.Build.0 = Release|Any CPU
		{9967E76D-1D6A-440C-A893-D40869C063AB}.Debug|Any CPU.ActiveCfg = Debug|Any CPU
		{9967E76D-1D6A-440C-A893-D40869C063AB}.Debug|Any CPU.Build.0 = Debug|Any CPU
		{9967E76D-1D6A-440C-A893-D40869C063AB}.Debug|x64.ActiveCfg = Debug|Any CPU
		{9967E76D-1D6A-440C-A893-D40869C063AB}.Debug|x64.Build.0 = Debug|Any CPU
		{9967E76D-1D6A-440C-A893-D40869C063AB}.Debug|x86.ActiveCfg = Debug|Any CPU
		{9967E76D-1D6A-440C-A893-D40869C063AB}.Debug|x86.Build.0 = Debug|Any CPU
		{9967E76D-1D6A-440C-A893-D40869C063AB}.Release|Any CPU.ActiveCfg = Release|Any CPU
		{9967E76D-1D6A-440C-A893-D40869C063AB}.Release|Any CPU.Build.0 = Release|Any CPU
		{9967E76D-1D6A-440C-A893-D40869C063AB}.Release|x64.ActiveCfg = Release|Any CPU
		{9967E76D-1D6A-440C-A893-D40869C063AB}.Release|x64.Build.0 = Release|Any CPU
		{9967E76D-1D6A-440C-A893-D40869C063AB}.Release|x86.ActiveCfg = Release|Any CPU
		{9967E76D-1D6A-440C-A893-D40869C063AB}.Release|x86.Build.0 = Release|Any CPU
	EndGlobalSection
EndGlobal
